
Microsoft Visual Studio Solution File, Format Version 12.00
# Visual Studio Version 17
VisualStudioVersion = 17.11.35327.3
MinimumVisualStudioVersion = 10.0.40219.1
Project("{FAE04EC0-301F-11D3-BF4B-00C04F79EFBC}") = "functions", "functions\functions.csproj", "{9EF90122-4E6B-48D8-8D74-520AB35619CE}"
EndProject
Global
	GlobalSection(SolutionConfigurationPlatforms) = preSolution
		Debug|Any CPU = Debug|Any CPU
		Release|Any CPU = Release|Any CPU
	EndGlobalSection
	GlobalSection(ProjectConfigurationPlatforms) = postSolution
		{9EF90122-4E6B-48D8-8D74-520AB35619CE}.Debug|Any CPU.ActiveCfg = Debug|Any CPU
		{9EF90122-4E6B-48D8-8D74-520AB35619CE}.Debug|Any CPU.Build.0 = Debug|Any CPU
		{9EF90122-4E6B-48D8-8D74-520AB35619CE}.Release|Any CPU.ActiveCfg = Release|Any CPU
		{9EF90122-4E6B-48D8-8D74-520AB35619CE}.Release|Any CPU.Build.0 = Release|Any CPU
	EndGlobalSection
	GlobalSection(SolutionProperties) = preSolution
		HideSolutionNode = FALSE
	EndGlobalSection
	GlobalSection(ExtensibilityGlobals) = postSolution
		SolutionGuid = {AD1B2439-5FC0-4952-A39F-FF3956ED7EFB}
	EndGlobalSection
EndGlobal
